
Microsoft Visual Studio Solution File, Format Version 12.00
# Visual Studio Version 17
VisualStudioVersion = 17.13.35931.197
MinimumVisualStudioVersion = 10.0.40219.1
Project("{8BC9CEB8-8B4A-11D0-8D11-00A0C91BC942}") = "PCulator", "PCulator.vcxproj", "{35DA3EDE-01B9-4EDC-937C-27187E9074F0}"
EndProject
Global
	GlobalSection(SolutionConfigurationPlatforms) = preSolution
		Debug all frontends|x64 = Debug all frontends|x64
		Debug all frontends|ARM64 = Debug all frontends|ARM64
		Debug all frontends|x86 = Debug all frontends|x86
		Debug SDL|x64 = Debug SDL|x64
		Debug SDL|ARM64 = Debug SDL|ARM64
		Debug SDL|x86 = Debug SDL|x86
		Debug VNC frontend|x64 = Debug VNC frontend|x64
		Debug VNC frontend|ARM64 = Debug VNC frontend|ARM64
		Debug VNC frontend|x86 = Debug VNC frontend|x86
		Debug null frontend|x64 = Debug null frontend|x64
		Debug null frontend|ARM64 = Debug null frontend|ARM64
		Debug null frontend|x86 = Debug null frontend|x86
		Release all frontends|x64 = Release all frontends|x64
		Release all frontends|ARM64 = Release all frontends|ARM64
		Release all frontends|x86 = Release all frontends|x86
		Release SDL|x64 = Release SDL|x64
		Release SDL|ARM64 = Release SDL|ARM64
		Release SDL|x86 = Release SDL|x86
		Release VNC frontend|x64 = Release VNC frontend|x64
		Release VNC frontend|ARM64 = Release VNC frontend|ARM64
		Release VNC frontend|x86 = Release VNC frontend|x86
		Release null frontend|x64 = Release null frontend|x64
		Release null frontend|ARM64 = Release null frontend|ARM64
		Release null frontend|x86 = Release null frontend|x86
	EndGlobalSection
	GlobalSection(ProjectConfigurationPlatforms) = postSolution
		{35DA3EDE-01B9-4EDC-937C-27187E9074F0}.Debug all frontends|x64.ActiveCfg = Debug all frontends|x64
		{35DA3EDE-01B9-4EDC-937C-27187E9074F0}.Debug all frontends|x64.Build.0 = Debug all frontends|x64
		{35DA3EDE-01B9-4EDC-937C-27187E9074F0}.Debug all frontends|ARM64.ActiveCfg = Debug all frontends|ARM64
		{35DA3EDE-01B9-4EDC-937C-27187E9074F0}.Debug all frontends|ARM64.Build.0 = Debug all frontends|ARM64
		{35DA3EDE-01B9-4EDC-937C-27187E9074F0}.Debug all frontends|x86.ActiveCfg = Debug all frontends|Win32
		{35DA3EDE-01B9-4EDC-937C-27187E9074F0}.Debug all frontends|x86.Build.0 = Debug all frontends|Win32
		{35DA3EDE-01B9-4EDC-937C-27187E9074F0}.Debug SDL|x64.ActiveCfg = Debug SDL|x64
		{35DA3EDE-01B9-4EDC-937C-27187E9074F0}.Debug SDL|x64.Build.0 = Debug SDL|x64
		{35DA3EDE-01B9-4EDC-937C-27187E9074F0}.Debug SDL|ARM64.ActiveCfg = Debug SDL|ARM64
		{35DA3EDE-01B9-4EDC-937C-27187E9074F0}.Debug SDL|ARM64.Build.0 = Debug SDL|ARM64
		{35DA3EDE-01B9-4EDC-937C-27187E9074F0}.Debug SDL|x86.ActiveCfg = Debug SDL|Win32
		{35DA3EDE-01B9-4EDC-937C-27187E9074F0}.Debug SDL|x86.Build.0 = Debug SDL|Win32
		{35DA3EDE-01B9-4EDC-937C-27187E9074F0}.Debug VNC frontend|x64.ActiveCfg = Debug VNC frontend|x64
		{35DA3EDE-01B9-4EDC-937C-27187E9074F0}.Debug VNC frontend|x64.Build.0 = Debug VNC frontend|x64
		{35DA3EDE-01B9-4EDC-937C-27187E9074F0}.Debug VNC frontend|ARM64.ActiveCfg = Debug VNC frontend|ARM64
		{35DA3EDE-01B9-4EDC-937C-27187E9074F0}.Debug VNC frontend|ARM64.Build.0 = Debug VNC frontend|ARM64
		{35DA3EDE-01B9-4EDC-937C-27187E9074F0}.Debug VNC frontend|x86.ActiveCfg = Debug VNC frontend|Win32
		{35DA3EDE-01B9-4EDC-937C-27187E9074F0}.Debug VNC frontend|x86.Build.0 = Debug VNC frontend|Win32
		{35DA3EDE-01B9-4EDC-937C-27187E9074F0}.Debug null frontend|x64.ActiveCfg = Debug null frontend|x64
		{35DA3EDE-01B9-4EDC-937C-27187E9074F0}.Debug null frontend|x64.Build.0 = Debug null frontend|x64
		{35DA3EDE-01B9-4EDC-937C-27187E9074F0}.Debug null frontend|ARM64.ActiveCfg = Debug null frontend|ARM64
		{35DA3EDE-01B9-4EDC-937C-27187E9074F0}.Debug null frontend|ARM64.Build.0 = Debug null frontend|ARM64
		{35DA3EDE-01B9-4EDC-937C-27187E9074F0}.Debug null frontend|x86.ActiveCfg = Debug null frontend|Win32
		{35DA3EDE-01B9-4EDC-937C-27187E9074F0}.Debug null frontend|x86.Build.0 = Debug null frontend|Win32
		{35DA3EDE-01B9-4EDC-937C-27187E9074F0}.Release all frontends|x64.ActiveCfg = Release all frontends|x64
		{35DA3EDE-01B9-4EDC-937C-27187E9074F0}.Release all frontends|x64.Build.0 = Release all frontends|x64
		{35DA3EDE-01B9-4EDC-937C-27187E9074F0}.Release all frontends|ARM64.ActiveCfg = Release all frontends|ARM64
		{35DA3EDE-01B9-4EDC-937C-27187E9074F0}.Release all frontends|ARM64.Build.0 = Release all frontends|ARM64
		{35DA3EDE-01B9-4EDC-937C-27187E9074F0}.Release all frontends|x86.ActiveCfg = Release all frontends|Win32
		{35DA3EDE-01B9-4EDC-937C-27187E9074F0}.Release all frontends|x86.Build.0 = Release all frontends|Win32
		{35DA3EDE-01B9-4EDC-937C-27187E9074F0}.Release SDL|x64.ActiveCfg = Release SDL|x64
		{35DA3EDE-01B9-4EDC-937C-27187E9074F0}.Release SDL|x64.Build.0 = Release SDL|x64
		{35DA3EDE-01B9-4EDC-937C-27187E9074F0}.Release SDL|ARM64.ActiveCfg = Release SDL|ARM64
		{35DA3EDE-01B9-4EDC-937C-27187E9074F0}.Release SDL|ARM64.Build.0 = Release SDL|ARM64
		{35DA3EDE-01B9-4EDC-937C-27187E9074F0}.Release SDL|x86.ActiveCfg = Release SDL|Win32
		{35DA3EDE-01B9-4EDC-937C-27187E9074F0}.Release SDL|x86.Build.0 = Release SDL|Win32
		{35DA3EDE-01B9-4EDC-937C-27187E9074F0}.Release VNC frontend|x64.ActiveCfg = Release VNC frontend|x64
		{35DA3EDE-01B9-4EDC-937C-27187E9074F0}.Release VNC frontend|x64.Build.0 = Release VNC frontend|x64
		{35DA3EDE-01B9-4EDC-937C-27187E9074F0}.Release VNC frontend|ARM64.ActiveCfg = Release VNC frontend|ARM64
		{35DA3EDE-01B9-4EDC-937C-27187E9074F0}.Release VNC frontend|ARM64.Build.0 = Release VNC frontend|ARM64
		{35DA3EDE-01B9-4EDC-937C-27187E9074F0}.Release VNC frontend|x86.ActiveCfg = Release VNC frontend|Win32
		{35DA3EDE-01B9-4EDC-937C-27187E9074F0}.Release VNC frontend|x86.Build.0 = Release VNC frontend|Win32
		{35DA3EDE-01B9-4EDC-937C-27187E9074F0}.Release null frontend|x64.ActiveCfg = Release null frontend|x64
		{35DA3EDE-01B9-4EDC-937C-27187E9074F0}.Release null frontend|x64.Build.0 = Release null frontend|x64
		{35DA3EDE-01B9-4EDC-937C-27187E9074F0}.Release null frontend|ARM64.ActiveCfg = Release null frontend|ARM64
		{35DA3EDE-01B9-4EDC-937C-27187E9074F0}.Release null frontend|ARM64.Build.0 = Release null frontend|ARM64
		{35DA3EDE-01B9-4EDC-937C-27187E9074F0}.Release null frontend|x86.ActiveCfg = Release null frontend|Win32
		{35DA3EDE-01B9-4EDC-937C-27187E9074F0}.Release null frontend|x86.Build.0 = Release null frontend|Win32
	EndGlobalSection
	GlobalSection(SolutionProperties) = preSolution
		HideSolutionNode = FALSE
	EndGlobalSection
	GlobalSection(ExtensibilityGlobals) = postSolution
		SolutionGuid = {B62681F7-6BD0-4BED-8737-8D1175D1E188}
	EndGlobalSection
EndGlobal
